
Microsoft Visual Studio Solution File, Format Version 12.00
# Visual Studio Version 16
VisualStudioVersion = 16.0.30804.86
MinimumVisualStudioVersion = 10.0.40219.1
Project("{FAE04EC0-301F-11D3-BF4B-00C04F79EFBC}") = "PrinjaCarYard", "PrinjaCarYard.csproj", "{D80579B5-77CC-4F8E-8437-B45C60A5033C}"
EndProject
Global
	GlobalSection(SolutionConfigurationPlatforms) = preSolution
		Debug|Any CPU = Debug|Any CPU
		Release|Any CPU = Release|Any CPU
	EndGlobalSection
	GlobalSection(ProjectConfigurationPlatforms) = postSolution
		{D80579B5-77CC-4F8E-8437-B45C60A5033C}.Debug|Any CPU.ActiveCfg = Debug|Any CPU
		{D80579B5-77CC-4F8E-8437-B45C60A5033C}.Debug|Any CPU.Build.0 = Debug|Any CPU
		{D80579B5-77CC-4F8E-8437-B45C60A5033C}.Release|Any CPU.ActiveCfg = Release|Any CPU
		{D80579B5-77CC-4F8E-8437-B45C60A5033C}.Release|Any CPU.Build.0 = Release|Any CPU
	EndGlobalSection
	GlobalSection(SolutionProperties) = preSolution
		HideSolutionNode = FALSE
	EndGlobalSection
	GlobalSection(ExtensibilityGlobals) = postSolution
		SolutionGuid = {0D1DBA1B-E703-4A42-9DA2-2F98F0F3EB5B}
	EndGlobalSection
EndGlobal
